
Microsoft Visual Studio Solution File, Format Version 12.00
# Visual Studio Version 16
VisualStudioVersion = 16.0.31005.135
MinimumVisualStudioVersion = 10.0.40219.1
Project("{2150E333-8FDC-42A3-9474-1A3956D46DE8}") = "Documents", "Documents", "{6AC81F6C-FD4E-4E1C-A330-4DF83FED3F1D}"
	ProjectSection(SolutionItems) = preProject
		GraphQL.md = GraphQL.md
	EndProjectSection
EndProject
Project("{FAE04EC0-301F-11D3-BF4B-00C04F79EFBC}") = "GraphQLConsole", "GraphQLConsole\GraphQLConsole.csproj", "{C29CD0D6-3285-4835-A82F-6B24C27513FA}"
EndProject
Global
	GlobalSection(SolutionConfigurationPlatforms) = preSolution
		Debug|Any CPU = Debug|Any CPU
		Release|Any CPU = Release|Any CPU
	EndGlobalSection
	GlobalSection(ProjectConfigurationPlatforms) = postSolution
		{C29CD0D6-3285-4835-A82F-6B24C27513FA}.Debug|Any CPU.ActiveCfg = Debug|Any CPU
		{C29CD0D6-3285-4835-A82F-6B24C27513FA}.Debug|Any CPU.Build.0 = Debug|Any CPU
		{C29CD0D6-3285-4835-A82F-6B24C27513FA}.Release|Any CPU.ActiveCfg = Release|Any CPU
		{C29CD0D6-3285-4835-A82F-6B24C27513FA}.Release|Any CPU.Build.0 = Release|Any CPU
	EndGlobalSection
	GlobalSection(SolutionProperties) = preSolution
		HideSolutionNode = FALSE
	EndGlobalSection
	GlobalSection(ExtensibilityGlobals) = postSolution
		SolutionGuid = {BF7F0E25-70DE-4093-9345-F509C224C7DC}
	EndGlobalSection
EndGlobal
